<Solution>
    <Folder Name="/.github/">
        <File Path=".github/ISSUE_TEMPLATE.md" />
        <File Path=".github/PULL_REQUEST_TEMPLATE.md" />
        <File Path=".github\ISSUE_TEMPLATE\config.yml" />
        <File Path=".github\ISSUE_TEMPLATE\issue_template.md" />
        <File Path=".github\workflows\build.yml" />
        <File Path=".github\workflows\publish.yml" />
    </Folder>
    <Folder Name="/Solution Items/">
        <File Path=".editorconfig" />
        <File Path="Directory.Build.props" />
        <File Path="README.md" />
    </Folder>
    <Folder Name="/src/">
        <Project Path="XlsxSharp.IO.CodeGen\XlsxSharp.IO.CodeGen.csproj" />
        <Project Path="XlsxSharp.IO\XlsxSharp.IO.csproj" />
        <Project Path="XlsxSharp\XlsxSharp.csproj" />
    </Folder>
    <Folder Name="/src/parser/">
        <Project Path="XlsxSharp.Parser.Ast/XlsxSharp.Parser.Ast.csproj" />
        <Project Path="XlsxSharp.Parser/XlsxSharp.Parser.csproj" />
    </Folder>
    <Folder Name="/tests/">
        <Project Path="XlsxSharp.Examples\XlsxSharp.Examples.csproj" />
        <Project Path="XlsxSharp.Parser.Tests/XlsxSharp.Parser.Tests.csproj" />
        <Project Path="XlsxSharp.Tests\XlsxSharp.Tests.csproj" />
    </Folder>
    <Project Path="XlsxSharp.Parser.Function/XlsxSharp.Parser.Function.csproj" />
    <Project Path="XlsxSharp.Sandbox\XlsxSharp.Sandbox.csproj" />
    <Project Path="XlsxSharp.Benchmarks\XlsxSharp.Benchmarks.csproj" />
</Solution>
